// !$*UTF8*$!
{
	archiveVersion = 1;
	classes = {
	};
	objectVersion = 51;
	objects = {

/* Begin PBXBuildFile section */
		0D1EE3D3C7D2D7A1173EB51C /* Pods_4kWallpaper.framework in Frameworks */ = {isa = PBXBuildFile; fileRef = 5E70066CAE83A41D997B98B7 /* Pods_4kWallpaper.framework */; };
		1B2277672460865E00036212 /* BannerCell.swift in Sources */ = {isa = PBXBuildFile; fileRef = 1B2277652460865E00036212 /* BannerCell.swift */; };
		1B2277682460865E00036212 /* BannerCell.xib in Resources */ = {isa = PBXBuildFile; fileRef = 1B2277662460865E00036212 /* BannerCell.xib */; };
		1B22776A24608AD800036212 /* Extensions.swift in Sources */ = {isa = PBXBuildFile; fileRef = 1B22776924608AD800036212 /* Extensions.swift */; };
		1B242BF2246C605D008D942E /* AllCategoryVC.swift in Sources */ = {isa = PBXBuildFile; fileRef = 1B242BF1246C605D008D942E /* AllCategoryVC.swift */; };
		1B2560C7246487520090A7E4 /* PreviewVC.swift in Sources */ = {isa = PBXBuildFile; fileRef = 1B2560C6246487520090A7E4 /* PreviewVC.swift */; };
		1B39215824609B3600900F88 /* VerticalCatCell.swift in Sources */ = {isa = PBXBuildFile; fileRef = 1B39215624609B3600900F88 /* VerticalCatCell.swift */; };
		1B39215924609B3600900F88 /* VerticalCatCell.xib in Resources */ = {isa = PBXBuildFile; fileRef = 1B39215724609B3600900F88 /* VerticalCatCell.xib */; };
		1B4311DD24686ECC00A7D71C /* ReportVC.swift in Sources */ = {isa = PBXBuildFile; fileRef = 1B4311DC24686ECC00A7D71C /* ReportVC.swift */; };
		1B441B22247061E2005717AF /* AboutUsVC.swift in Sources */ = {isa = PBXBuildFile; fileRef = 1B441B21247061E2005717AF /* AboutUsVC.swift */; };
		1B48962A2467C9700056CD5F /* AppConfig.swift in Sources */ = {isa = PBXBuildFile; fileRef = 1B4896292467C9700056CD5F /* AppConfig.swift */; };
		1B48962C2467DE5B0056CD5F /* UnifiedNativeAdView.xib in Resources */ = {isa = PBXBuildFile; fileRef = 1B48962B2467DE5B0056CD5F /* UnifiedNativeAdView.xib */; };
		1B49A75E2469ABF000F04E30 /* HomeVC.swift in Sources */ = {isa = PBXBuildFile; fileRef = 1B49A75D2469ABF000F04E30 /* HomeVC.swift */; };
		1B49A7612469B4EC00F04E30 /* CategoryHeader.swift in Sources */ = {isa = PBXBuildFile; fileRef = 1B49A75F2469B4EC00F04E30 /* CategoryHeader.swift */; };
		1B49A7622469B4EC00F04E30 /* CategoryHeader.xib in Resources */ = {isa = PBXBuildFile; fileRef = 1B49A7602469B4EC00F04E30 /* CategoryHeader.xib */; };
		1B49A7642469B9B900F04E30 /* Category.swift in Sources */ = {isa = PBXBuildFile; fileRef = 1B49A7632469B9B900F04E30 /* Category.swift */; };
		1B4B286C246ABE5700B75612 /* InAppManager.swift in Sources */ = {isa = PBXBuildFile; fileRef = 1B4B286B246ABE5700B75612 /* InAppManager.swift */; };
		1B4B286E246AC9E600B75612 /* SubscriptionVC.swift in Sources */ = {isa = PBXBuildFile; fileRef = 1B4B286D246AC9E600B75612 /* SubscriptionVC.swift */; };
		1B4B2870246ACD4500B75612 /* StoreKit.framework in Frameworks */ = {isa = PBXBuildFile; fileRef = 1B4B286F246ACD4500B75612 /* StoreKit.framework */; };
		1B4E330C246FF992002CD349 /* InAppPurchase.swift in Sources */ = {isa = PBXBuildFile; fileRef = 1B4E330B246FF992002CD349 /* InAppPurchase.swift */; };
		1B4E330E24700EEA002CD349 /* WebVC.swift in Sources */ = {isa = PBXBuildFile; fileRef = 1B4E330D24700EEA002CD349 /* WebVC.swift */; };
		1B572D68246093A20028566B /* CatCell.swift in Sources */ = {isa = PBXBuildFile; fileRef = 1B572D66246093A20028566B /* CatCell.swift */; };
		1B572D69246093A20028566B /* CatCell.xib in Resources */ = {isa = PBXBuildFile; fileRef = 1B572D67246093A20028566B /* CatCell.xib */; };
		1B5BDAB2245F218A00085928 /* AppDelegate.swift in Sources */ = {isa = PBXBuildFile; fileRef = 1B5BDAB1245F218A00085928 /* AppDelegate.swift */; };
		1B5BDAB4245F218A00085928 /* SceneDelegate.swift in Sources */ = {isa = PBXBuildFile; fileRef = 1B5BDAB3245F218A00085928 /* SceneDelegate.swift */; };
		1B5BDAB9245F218A00085928 /* Main.storyboard in Resources */ = {isa = PBXBuildFile; fileRef = 1B5BDAB7245F218A00085928 /* Main.storyboard */; };
		1B5BDABB245F218C00085928 /* Assets.xcassets in Resources */ = {isa = PBXBuildFile; fileRef = 1B5BDABA245F218C00085928 /* Assets.xcassets */; };
		1B5BDABE245F218C00085928 /* LaunchScreen.storyboard in Resources */ = {isa = PBXBuildFile; fileRef = 1B5BDABC245F218C00085928 /* LaunchScreen.storyboard */; };
		1B5BDAC6245F289900085928 /* Constants.swift in Sources */ = {isa = PBXBuildFile; fileRef = 1B5BDAC5245F289900085928 /* Constants.swift */; };
		1B5BDAD2245F30B200085928 /* WallpaperCell.swift in Sources */ = {isa = PBXBuildFile; fileRef = 1B5BDAD0245F30B200085928 /* WallpaperCell.swift */; };
		1B5BDAD3245F30B200085928 /* WallpaperCell.xib in Resources */ = {isa = PBXBuildFile; fileRef = 1B5BDAD1245F30B200085928 /* WallpaperCell.xib */; };
		1B5BDAD8245F3BE700085928 /* iCarousel.m in Sources */ = {isa = PBXBuildFile; fileRef = 1B5BDAD7245F3BE700085928 /* iCarousel.m */; };
		1B5BDADC245F3D4700085928 /* WallPaperGridVC.swift in Sources */ = {isa = PBXBuildFile; fileRef = 1B5BDADB245F3D4700085928 /* WallPaperGridVC.swift */; };
		1B73AF202466B43700C5E94C /* PLView.swift in Sources */ = {isa = PBXBuildFile; fileRef = 1B73AF1F2466B43700C5E94C /* PLView.swift */; };
		1B73AF232466BB0000C5E94C /* JPEG.swift in Sources */ = {isa = PBXBuildFile; fileRef = 1B73AF212466BB0000C5E94C /* JPEG.swift */; };
		1B73AF242466BB0000C5E94C /* QuickTimeMov.swift in Sources */ = {isa = PBXBuildFile; fileRef = 1B73AF222466BB0000C5E94C /* QuickTimeMov.swift */; };
		1B785BAE24632EDF00EC8AB5 /* AddUser.swift in Sources */ = {isa = PBXBuildFile; fileRef = 1B785BAC24632EDF00EC8AB5 /* AddUser.swift */; };
		1B785BAF24632EDF00EC8AB5 /* Trending.swift in Sources */ = {isa = PBXBuildFile; fileRef = 1B785BAD24632EDF00EC8AB5 /* Trending.swift */; };
		1B7E6024246F055C00A1319B /* HomeHeader.swift in Sources */ = {isa = PBXBuildFile; fileRef = 1B7E6022246F055C00A1319B /* HomeHeader.swift */; };
		1B7E6025246F055C00A1319B /* HomeHeader.xib in Resources */ = {isa = PBXBuildFile; fileRef = 1B7E6023246F055C00A1319B /* HomeHeader.xib */; };
		1B7E6027246F0D4C00A1319B /* Home.swift in Sources */ = {isa = PBXBuildFile; fileRef = 1B7E6026246F0D4C00A1319B /* Home.swift */; };
		1B7F40C124647C5D00C8BEC8 /* LoadingView.swift in Sources */ = {isa = PBXBuildFile; fileRef = 1B7F40C024647C5D00C8BEC8 /* LoadingView.swift */; };
		1B7F40C324647C6800C8BEC8 /* LoadingView.xib in Resources */ = {isa = PBXBuildFile; fileRef = 1B7F40C224647C6800C8BEC8 /* LoadingView.xib */; };
		1B82591A246DC5BB004BC60F /* SettingsCell.swift in Sources */ = {isa = PBXBuildFile; fileRef = 1B825919246DC5BB004BC60F /* SettingsCell.swift */; };
		1B92D5B124681F4200AF6E09 /* SimilarCatVC.swift in Sources */ = {isa = PBXBuildFile; fileRef = 1B92D5B024681F4200AF6E09 /* SimilarCatVC.swift */; };
		1B92D5B32468225C00AF6E09 /* SearchVC.swift in Sources */ = {isa = PBXBuildFile; fileRef = 1B92D5B22468225C00AF6E09 /* SearchVC.swift */; };
		1BBDC8972463263E00324234 /* Webservices.swift in Sources */ = {isa = PBXBuildFile; fileRef = 1BBDC8962463263E00324234 /* Webservices.swift */; };
		1BBDC8992463265B00324234 /* AppUtilities.swift in Sources */ = {isa = PBXBuildFile; fileRef = 1BBDC8982463265B00324234 /* AppUtilities.swift */; };
		1BBDC89B246327C800324234 /* TrendingVC.swift in Sources */ = {isa = PBXBuildFile; fileRef = 1BBDC89A246327C800324234 /* TrendingVC.swift */; };
		1BBDC89D246327D800324234 /* LiveWallpaperVC.swift in Sources */ = {isa = PBXBuildFile; fileRef = 1BBDC89C246327D800324234 /* LiveWallpaperVC.swift */; };
		1BBDC89F246327E200324234 /* CategoryVC.swift in Sources */ = {isa = PBXBuildFile; fileRef = 1BBDC89E246327E200324234 /* CategoryVC.swift */; };
		1BBDC8A1246327ED00324234 /* SettingsVC.swift in Sources */ = {isa = PBXBuildFile; fileRef = 1BBDC8A0246327ED00324234 /* SettingsVC.swift */; };
/* End PBXBuildFile section */

/* Begin PBXFileReference section */
		1B2277652460865E00036212 /* BannerCell.swift */ = {isa = PBXFileReference; lastKnownFileType = sourcecode.swift; path = BannerCell.swift; sourceTree = "<group>"; };
		1B2277662460865E00036212 /* BannerCell.xib */ = {isa = PBXFileReference; lastKnownFileType = file.xib; path = BannerCell.xib; sourceTree = "<group>"; };
		1B22776924608AD800036212 /* Extensions.swift */ = {isa = PBXFileReference; lastKnownFileType = sourcecode.swift; path = Extensions.swift; sourceTree = "<group>"; };
		1B242BF1246C605D008D942E /* AllCategoryVC.swift */ = {isa = PBXFileReference; lastKnownFileType = sourcecode.swift; path = AllCategoryVC.swift; sourceTree = "<group>"; };
		1B2560C6246487520090A7E4 /* PreviewVC.swift */ = {isa = PBXFileReference; lastKnownFileType = sourcecode.swift; path = PreviewVC.swift; sourceTree = "<group>"; };
		1B39215624609B3600900F88 /* VerticalCatCell.swift */ = {isa = PBXFileReference; lastKnownFileType = sourcecode.swift; path = VerticalCatCell.swift; sourceTree = "<group>"; };
		1B39215724609B3600900F88 /* VerticalCatCell.xib */ = {isa = PBXFileReference; lastKnownFileType = file.xib; path = VerticalCatCell.xib; sourceTree = "<group>"; };
		1B4311DC24686ECC00A7D71C /* ReportVC.swift */ = {isa = PBXFileReference; lastKnownFileType = sourcecode.swift; path = ReportVC.swift; sourceTree = "<group>"; };
		1B441B21247061E2005717AF /* AboutUsVC.swift */ = {isa = PBXFileReference; lastKnownFileType = sourcecode.swift; path = AboutUsVC.swift; sourceTree = "<group>"; };
		1B4896292467C9700056CD5F /* AppConfig.swift */ = {isa = PBXFileReference; fileEncoding = 4; lastKnownFileType = sourcecode.swift; path = AppConfig.swift; sourceTree = "<group>"; };
		1B48962B2467DE5B0056CD5F /* UnifiedNativeAdView.xib */ = {isa = PBXFileReference; fileEncoding = 4; lastKnownFileType = file.xib; path = UnifiedNativeAdView.xib; sourceTree = "<group>"; };
		1B49A75D2469ABF000F04E30 /* HomeVC.swift */ = {isa = PBXFileReference; lastKnownFileType = sourcecode.swift; path = HomeVC.swift; sourceTree = "<group>"; };
		1B49A75F2469B4EC00F04E30 /* CategoryHeader.swift */ = {isa = PBXFileReference; lastKnownFileType = sourcecode.swift; path = CategoryHeader.swift; sourceTree = "<group>"; };
		1B49A7602469B4EC00F04E30 /* CategoryHeader.xib */ = {isa = PBXFileReference; lastKnownFileType = file.xib; path = CategoryHeader.xib; sourceTree = "<group>"; };
		1B49A7632469B9B900F04E30 /* Category.swift */ = {isa = PBXFileReference; fileEncoding = 4; lastKnownFileType = sourcecode.swift; path = Category.swift; sourceTree = "<group>"; };
		1B4B286B246ABE5700B75612 /* InAppManager.swift */ = {isa = PBXFileReference; fileEncoding = 4; lastKnownFileType = sourcecode.swift; path = InAppManager.swift; sourceTree = "<group>"; };
		1B4B286D246AC9E600B75612 /* SubscriptionVC.swift */ = {isa = PBXFileReference; lastKnownFileType = sourcecode.swift; path = SubscriptionVC.swift; sourceTree = "<group>"; };
		1B4B286F246ACD4500B75612 /* StoreKit.framework */ = {isa = PBXFileReference; lastKnownFileType = wrapper.framework; name = StoreKit.framework; path = System/Library/Frameworks/StoreKit.framework; sourceTree = SDKROOT; };
		1B4E330B246FF992002CD349 /* InAppPurchase.swift */ = {isa = PBXFileReference; fileEncoding = 4; lastKnownFileType = sourcecode.swift; path = InAppPurchase.swift; sourceTree = "<group>"; };
		1B4E330D24700EEA002CD349 /* WebVC.swift */ = {isa = PBXFileReference; lastKnownFileType = sourcecode.swift; path = WebVC.swift; sourceTree = "<group>"; };
		1B572D66246093A20028566B /* CatCell.swift */ = {isa = PBXFileReference; lastKnownFileType = sourcecode.swift; path = CatCell.swift; sourceTree = "<group>"; };
		1B572D67246093A20028566B /* CatCell.xib */ = {isa = PBXFileReference; lastKnownFileType = file.xib; path = CatCell.xib; sourceTree = "<group>"; };
		1B5BDAAE245F218A00085928 /* 4kWallpaper.app */ = {isa = PBXFileReference; explicitFileType = wrapper.application; includeInIndex = 0; path = 4kWallpaper.app; sourceTree = BUILT_PRODUCTS_DIR; };
		1B5BDAB1245F218A00085928 /* AppDelegate.swift */ = {isa = PBXFileReference; lastKnownFileType = sourcecode.swift; path = AppDelegate.swift; sourceTree = "<group>"; };
		1B5BDAB3245F218A00085928 /* SceneDelegate.swift */ = {isa = PBXFileReference; lastKnownFileType = sourcecode.swift; path = SceneDelegate.swift; sourceTree = "<group>"; };
		1B5BDAB8245F218A00085928 /* Base */ = {isa = PBXFileReference; lastKnownFileType = file.storyboard; name = Base; path = Base.lproj/Main.storyboard; sourceTree = "<group>"; };
		1B5BDABA245F218C00085928 /* Assets.xcassets */ = {isa = PBXFileReference; lastKnownFileType = folder.assetcatalog; path = Assets.xcassets; sourceTree = "<group>"; };
		1B5BDABD245F218C00085928 /* Base */ = {isa = PBXFileReference; lastKnownFileType = file.storyboard; name = Base; path = Base.lproj/LaunchScreen.storyboard; sourceTree = "<group>"; };
		1B5BDABF245F218C00085928 /* Info.plist */ = {isa = PBXFileReference; lastKnownFileType = text.plist.xml; path = Info.plist; sourceTree = "<group>"; };
		1B5BDAC5245F289900085928 /* Constants.swift */ = {isa = PBXFileReference; lastKnownFileType = sourcecode.swift; path = Constants.swift; sourceTree = "<group>"; };
		1B5BDAD0245F30B200085928 /* WallpaperCell.swift */ = {isa = PBXFileReference; lastKnownFileType = sourcecode.swift; path = WallpaperCell.swift; sourceTree = "<group>"; };
		1B5BDAD1245F30B200085928 /* WallpaperCell.xib */ = {isa = PBXFileReference; lastKnownFileType = file.xib; path = WallpaperCell.xib; sourceTree = "<group>"; };
		1B5BDAD5245F3BE600085928 /* 4kWallpaper-Bridging-Header.h */ = {isa = PBXFileReference; lastKnownFileType = sourcecode.c.h; path = "4kWallpaper-Bridging-Header.h"; sourceTree = "<group>"; };
		1B5BDAD6245F3BE700085928 /* iCarousel.h */ = {isa = PBXFileReference; fileEncoding = 4; lastKnownFileType = sourcecode.c.h; path = iCarousel.h; sourceTree = "<group>"; };
		1B5BDAD7245F3BE700085928 /* iCarousel.m */ = {isa = PBXFileReference; fileEncoding = 4; lastKnownFileType = sourcecode.c.objc; path = iCarousel.m; sourceTree = "<group>"; };
		1B5BDADB245F3D4700085928 /* WallPaperGridVC.swift */ = {isa = PBXFileReference; lastKnownFileType = sourcecode.swift; path = WallPaperGridVC.swift; sourceTree = "<group>"; };
		1B73AF1F2466B43700C5E94C /* PLView.swift */ = {isa = PBXFileReference; lastKnownFileType = sourcecode.swift; path = PLView.swift; sourceTree = "<group>"; };
		1B73AF212466BB0000C5E94C /* JPEG.swift */ = {isa = PBXFileReference; fileEncoding = 4; lastKnownFileType = sourcecode.swift; path = JPEG.swift; sourceTree = "<group>"; };
		1B73AF222466BB0000C5E94C /* QuickTimeMov.swift */ = {isa = PBXFileReference; fileEncoding = 4; lastKnownFileType = sourcecode.swift; path = QuickTimeMov.swift; sourceTree = "<group>"; };
		1B785BAC24632EDF00EC8AB5 /* AddUser.swift */ = {isa = PBXFileReference; fileEncoding = 4; lastKnownFileType = sourcecode.swift; path = AddUser.swift; sourceTree = "<group>"; };
		1B785BAD24632EDF00EC8AB5 /* Trending.swift */ = {isa = PBXFileReference; fileEncoding = 4; lastKnownFileType = sourcecode.swift; path = Trending.swift; sourceTree = "<group>"; };
		1B7E6022246F055C00A1319B /* HomeHeader.swift */ = {isa = PBXFileReference; lastKnownFileType = sourcecode.swift; path = HomeHeader.swift; sourceTree = "<group>"; };
		1B7E6023246F055C00A1319B /* HomeHeader.xib */ = {isa = PBXFileReference; lastKnownFileType = file.xib; path = HomeHeader.xib; sourceTree = "<group>"; };
		1B7E6026246F0D4C00A1319B /* Home.swift */ = {isa = PBXFileReference; fileEncoding = 4; lastKnownFileType = sourcecode.swift; path = Home.swift; sourceTree = "<group>"; };
		1B7F40C024647C5D00C8BEC8 /* LoadingView.swift */ = {isa = PBXFileReference; lastKnownFileType = sourcecode.swift; path = LoadingView.swift; sourceTree = "<group>"; };
		1B7F40C224647C6800C8BEC8 /* LoadingView.xib */ = {isa = PBXFileReference; lastKnownFileType = file.xib; path = LoadingView.xib; sourceTree = "<group>"; };
		1B825919246DC5BB004BC60F /* SettingsCell.swift */ = {isa = PBXFileReference; lastKnownFileType = sourcecode.swift; path = SettingsCell.swift; sourceTree = "<group>"; };
		1B92D5B024681F4200AF6E09 /* SimilarCatVC.swift */ = {isa = PBXFileReference; lastKnownFileType = sourcecode.swift; path = SimilarCatVC.swift; sourceTree = "<group>"; };
		1B92D5B22468225C00AF6E09 /* SearchVC.swift */ = {isa = PBXFileReference; lastKnownFileType = sourcecode.swift; path = SearchVC.swift; sourceTree = "<group>"; };
		1BBDC8962463263E00324234 /* Webservices.swift */ = {isa = PBXFileReference; fileEncoding = 4; lastKnownFileType = sourcecode.swift; path = Webservices.swift; sourceTree = "<group>"; };
		1BBDC8982463265B00324234 /* AppUtilities.swift */ = {isa = PBXFileReference; fileEncoding = 4; lastKnownFileType = sourcecode.swift; path = AppUtilities.swift; sourceTree = "<group>"; };
		1BBDC89A246327C800324234 /* TrendingVC.swift */ = {isa = PBXFileReference; lastKnownFileType = sourcecode.swift; path = TrendingVC.swift; sourceTree = "<group>"; };
		1BBDC89C246327D800324234 /* LiveWallpaperVC.swift */ = {isa = PBXFileReference; lastKnownFileType = sourcecode.swift; path = LiveWallpaperVC.swift; sourceTree = "<group>"; };
		1BBDC89E246327E200324234 /* CategoryVC.swift */ = {isa = PBXFileReference; lastKnownFileType = sourcecode.swift; path = CategoryVC.swift; sourceTree = "<group>"; };
		1BBDC8A0246327ED00324234 /* SettingsVC.swift */ = {isa = PBXFileReference; lastKnownFileType = sourcecode.swift; path = SettingsVC.swift; sourceTree = "<group>"; };
		5E70066CAE83A41D997B98B7 /* Pods_4kWallpaper.framework */ = {isa = PBXFileReference; explicitFileType = wrapper.framework; includeInIndex = 0; path = Pods_4kWallpaper.framework; sourceTree = BUILT_PRODUCTS_DIR; };
		6282DCA7B7B9B21104AF74B5 /* Pods-4kWallpaper.debug.xcconfig */ = {isa = PBXFileReference; includeInIndex = 1; lastKnownFileType = text.xcconfig; name = "Pods-4kWallpaper.debug.xcconfig"; path = "Target Support Files/Pods-4kWallpaper/Pods-4kWallpaper.debug.xcconfig"; sourceTree = "<group>"; };
		B9AB8730D017FCF2C5AD67E9 /* Pods-4kWallpaper.release.xcconfig */ = {isa = PBXFileReference; includeInIndex = 1; lastKnownFileType = text.xcconfig; name = "Pods-4kWallpaper.release.xcconfig"; path = "Target Support Files/Pods-4kWallpaper/Pods-4kWallpaper.release.xcconfig"; sourceTree = "<group>"; };
/* End PBXFileReference section */

/* Begin PBXFrameworksBuildPhase section */
		1B5BDAAB245F218A00085928 /* Frameworks */ = {
			isa = PBXFrameworksBuildPhase;
			buildActionMask = 2147483647;
			files = (
				0D1EE3D3C7D2D7A1173EB51C /* Pods_4kWallpaper.framework in Frameworks */,
				1B4B2870246ACD4500B75612 /* StoreKit.framework in Frameworks */,
			);
			runOnlyForDeploymentPostprocessing = 0;
		};
/* End PBXFrameworksBuildPhase section */

/* Begin PBXGroup section */
		1B2277642460863600036212 /* Banner */ = {
			isa = PBXGroup;
			children = (
				1B2277652460865E00036212 /* BannerCell.swift */,
				1B2277662460865E00036212 /* BannerCell.xib */,
			);
			path = Banner;
			sourceTree = "<group>";
		};
		1B572D5F246092ED0028566B /* Category */ = {
			isa = PBXGroup;
			children = (
				1B572D66246093A20028566B /* CatCell.swift */,
				1B572D67246093A20028566B /* CatCell.xib */,
			);
			path = Category;
			sourceTree = "<group>";
		};
		1B572D6E24609A050028566B /* VerticalCategory */ = {
			isa = PBXGroup;
			children = (
				1B39215624609B3600900F88 /* VerticalCatCell.swift */,
				1B39215724609B3600900F88 /* VerticalCatCell.xib */,
			);
			path = VerticalCategory;
			sourceTree = "<group>";
		};
		1B5BDAA5245F218A00085928 = {
			isa = PBXGroup;
			children = (
				1B5BDAB0245F218A00085928 /* 4kWallpaper */,
				1B5BDAAF245F218A00085928 /* Products */,
				A4B3C542200D7BFB6541EB6E /* Pods */,
				2A910415CBE51DB988C90BB1 /* Frameworks */,
			);
			sourceTree = "<group>";
		};
		1B5BDAAF245F218A00085928 /* Products */ = {
			isa = PBXGroup;
			children = (
				1B5BDAAE245F218A00085928 /* 4kWallpaper.app */,
			);
			name = Products;
			sourceTree = "<group>";
		};
		1B5BDAB0245F218A00085928 /* 4kWallpaper */ = {
			isa = PBXGroup;
			children = (
				1B5BDAD4245F3BD200085928 /* Resaurces */,
				1B5BDAC7245F296700085928 /* Model */,
				1B5BDAC8245F297000085928 /* View */,
				1B5BDAC9245F297400085928 /* Controller */,
				1B5BDAB1245F218A00085928 /* AppDelegate.swift */,
				1B5BDAB3245F218A00085928 /* SceneDelegate.swift */,
				1B5BDAB7245F218A00085928 /* Main.storyboard */,
				1B5BDABA245F218C00085928 /* Assets.xcassets */,
				1B5BDABC245F218C00085928 /* LaunchScreen.storyboard */,
				1B5BDABF245F218C00085928 /* Info.plist */,
				1B5BDAC5245F289900085928 /* Constants.swift */,
				1B5BDAD5245F3BE600085928 /* 4kWallpaper-Bridging-Header.h */,
			);
			path = 4kWallpaper;
			sourceTree = "<group>";
		};
		1B5BDAC7245F296700085928 /* Model */ = {
			isa = PBXGroup;
			children = (
				1B4E330B246FF992002CD349 /* InAppPurchase.swift */,
				1B7E6026246F0D4C00A1319B /* Home.swift */,
				1B49A7632469B9B900F04E30 /* Category.swift */,
				1B785BAC24632EDF00EC8AB5 /* AddUser.swift */,
				1B785BAD24632EDF00EC8AB5 /* Trending.swift */,
				1B4896292467C9700056CD5F /* AppConfig.swift */,
			);
			path = Model;
			sourceTree = "<group>";
		};
		1B5BDAC8245F297000085928 /* View */ = {
			isa = PBXGroup;
			children = (
				1B48962B2467DE5B0056CD5F /* UnifiedNativeAdView.xib */,
				1B572D6E24609A050028566B /* VerticalCategory */,
				1B572D5F246092ED0028566B /* Category */,
				1B2277642460863600036212 /* Banner */,
				1B5BDAD0245F30B200085928 /* WallpaperCell.swift */,
				1B5BDAD1245F30B200085928 /* WallpaperCell.xib */,
				1B7F40C424647C7300C8BEC8 /* Loading */,
				1B49A75F2469B4EC00F04E30 /* CategoryHeader.swift */,
				1B49A7602469B4EC00F04E30 /* CategoryHeader.xib */,
				1B825919246DC5BB004BC60F /* SettingsCell.swift */,
				1B7E6022246F055C00A1319B /* HomeHeader.swift */,
				1B7E6023246F055C00A1319B /* HomeHeader.xib */,
			);
			path = View;
			sourceTree = "<group>";
		};
		1B5BDAC9245F297400085928 /* Controller */ = {
			isa = PBXGroup;
			children = (
				1B5BDADB245F3D4700085928 /* WallPaperGridVC.swift */,
				1BBDC89A246327C800324234 /* TrendingVC.swift */,
				1BBDC89C246327D800324234 /* LiveWallpaperVC.swift */,
				1BBDC89E246327E200324234 /* CategoryVC.swift */,
				1BBDC8A0246327ED00324234 /* SettingsVC.swift */,
				1B2560C6246487520090A7E4 /* PreviewVC.swift */,
				1B92D5B024681F4200AF6E09 /* SimilarCatVC.swift */,
				1B92D5B22468225C00AF6E09 /* SearchVC.swift */,
				1B4311DC24686ECC00A7D71C /* ReportVC.swift */,
				1B49A75D2469ABF000F04E30 /* HomeVC.swift */,
				1B4B286D246AC9E600B75612 /* SubscriptionVC.swift */,
				1B242BF1246C605D008D942E /* AllCategoryVC.swift */,
				1B4E330D24700EEA002CD349 /* WebVC.swift */,
				1B441B21247061E2005717AF /* AboutUsVC.swift */,
			);
			path = Controller;
			sourceTree = "<group>";
		};
		1B5BDAD4245F3BD200085928 /* Resaurces */ = {
			isa = PBXGroup;
			children = (
				1B4B286B246ABE5700B75612 /* InAppManager.swift */,
				1B73AF212466BB0000C5E94C /* JPEG.swift */,
				1B73AF222466BB0000C5E94C /* QuickTimeMov.swift */,
				1B5BDAD6245F3BE700085928 /* iCarousel.h */,
				1B5BDAD7245F3BE700085928 /* iCarousel.m */,
				1B22776924608AD800036212 /* Extensions.swift */,
				1BBDC8962463263E00324234 /* Webservices.swift */,
				1BBDC8982463265B00324234 /* AppUtilities.swift */,
				1B73AF1F2466B43700C5E94C /* PLView.swift */,
			);
			path = Resaurces;
			sourceTree = "<group>";
		};
		1B7F40C424647C7300C8BEC8 /* Loading */ = {
			isa = PBXGroup;
			children = (
				1B7F40C024647C5D00C8BEC8 /* LoadingView.swift */,
				1B7F40C224647C6800C8BEC8 /* LoadingView.xib */,
			);
			path = Loading;
			sourceTree = "<group>";
		};
		2A910415CBE51DB988C90BB1 /* Frameworks */ = {
			isa = PBXGroup;
			children = (
				1B4B286F246ACD4500B75612 /* StoreKit.framework */,
				5E70066CAE83A41D997B98B7 /* Pods_4kWallpaper.framework */,
			);
			name = Frameworks;
			sourceTree = "<group>";
		};
		A4B3C542200D7BFB6541EB6E /* Pods */ = {
			isa = PBXGroup;
			children = (
				6282DCA7B7B9B21104AF74B5 /* Pods-4kWallpaper.debug.xcconfig */,
				B9AB8730D017FCF2C5AD67E9 /* Pods-4kWallpaper.release.xcconfig */,
			);
			path = Pods;
			sourceTree = "<group>";
		};
/* End PBXGroup section */

/* Begin PBXNativeTarget section */
		1B5BDAAD245F218A00085928 /* 4kWallpaper */ = {
			isa = PBXNativeTarget;
			buildConfigurationList = 1B5BDAC2245F218C00085928 /* Build configuration list for PBXNativeTarget "4kWallpaper" */;
			buildPhases = (
				7D8AF1F25FB3E8591FD08BDE /* [CP] Check Pods Manifest.lock */,
				1B5BDAAA245F218A00085928 /* Sources */,
				1B5BDAAB245F218A00085928 /* Frameworks */,
				1B5BDAAC245F218A00085928 /* Resources */,
				724B9ACB9AC54224CEAC9998 /* [CP] Embed Pods Frameworks */,
			);
			buildRules = (
			);
			dependencies = (
			);
			name = 4kWallpaper;
			productName = 4kWallpaper;
			productReference = 1B5BDAAE245F218A00085928 /* 4kWallpaper.app */;
			productType = "com.apple.product-type.application";
		};
/* End PBXNativeTarget section */

/* Begin PBXProject section */
		1B5BDAA6245F218A00085928 /* Project object */ = {
			isa = PBXProject;
			attributes = {
				LastSwiftUpdateCheck = 1140;
				LastUpgradeCheck = 1140;
				ORGANIZATIONNAME = "Dixit Rathod";
				TargetAttributes = {
					1B5BDAAD245F218A00085928 = {
						CreatedOnToolsVersion = 11.4;
						LastSwiftMigration = 1140;
					};
				};
			};
			buildConfigurationList = 1B5BDAA9245F218A00085928 /* Build configuration list for PBXProject "4kWallpaper" */;
			compatibilityVersion = "Xcode 9.3";
			developmentRegion = en;
			hasScannedForEncodings = 0;
			knownRegions = (
				en,
				Base,
			);
			mainGroup = 1B5BDAA5245F218A00085928;
			productRefGroup = 1B5BDAAF245F218A00085928 /* Products */;
			projectDirPath = "";
			projectRoot = "";
			targets = (
				1B5BDAAD245F218A00085928 /* 4kWallpaper */,
			);
		};
/* End PBXProject section */

/* Begin PBXResourcesBuildPhase section */
		1B5BDAAC245F218A00085928 /* Resources */ = {
			isa = PBXResourcesBuildPhase;
			buildActionMask = 2147483647;
			files = (
				1B39215924609B3600900F88 /* VerticalCatCell.xib in Resources */,
				1B5BDABE245F218C00085928 /* LaunchScreen.storyboard in Resources */,
				1B49A7622469B4EC00F04E30 /* CategoryHeader.xib in Resources */,
				1B5BDABB245F218C00085928 /* Assets.xcassets in Resources */,
				1B2277682460865E00036212 /* BannerCell.xib in Resources */,
				1B572D69246093A20028566B /* CatCell.xib in Resources */,
				1B48962C2467DE5B0056CD5F /* UnifiedNativeAdView.xib in Resources */,
				1B5BDAB9245F218A00085928 /* Main.storyboard in Resources */,
				1B5BDAD3245F30B200085928 /* WallpaperCell.xib in Resources */,
				1B7F40C324647C6800C8BEC8 /* LoadingView.xib in Resources */,
				1B7E6025246F055C00A1319B /* HomeHeader.xib in Resources */,
			);
			runOnlyForDeploymentPostprocessing = 0;
		};
/* End PBXResourcesBuildPhase section */

/* Begin PBXShellScriptBuildPhase section */
		724B9ACB9AC54224CEAC9998 /* [CP] Embed Pods Frameworks */ = {
			isa = PBXShellScriptBuildPhase;
			buildActionMask = 2147483647;
			files = (
			);
			inputFileListPaths = (
				"${PODS_ROOT}/Target Support Files/Pods-4kWallpaper/Pods-4kWallpaper-frameworks-${CONFIGURATION}-input-files.xcfilelist",
			);
			name = "[CP] Embed Pods Frameworks";
			outputFileListPaths = (
				"${PODS_ROOT}/Target Support Files/Pods-4kWallpaper/Pods-4kWallpaper-frameworks-${CONFIGURATION}-output-files.xcfilelist",
			);
			runOnlyForDeploymentPostprocessing = 0;
			shellPath = /bin/sh;
			shellScript = "\"${PODS_ROOT}/Target Support Files/Pods-4kWallpaper/Pods-4kWallpaper-frameworks.sh\"\n";
			showEnvVarsInLog = 0;
		};
		7D8AF1F25FB3E8591FD08BDE /* [CP] Check Pods Manifest.lock */ = {
			isa = PBXShellScriptBuildPhase;
			buildActionMask = 2147483647;
			files = (
			);
			inputFileListPaths = (
			);
			inputPaths = (
				"${PODS_PODFILE_DIR_PATH}/Podfile.lock",
				"${PODS_ROOT}/Manifest.lock",
			);
			name = "[CP] Check Pods Manifest.lock";
			outputFileListPaths = (
			);
			outputPaths = (
				"$(DERIVED_FILE_DIR)/Pods-4kWallpaper-checkManifestLockResult.txt",
			);
			runOnlyForDeploymentPostprocessing = 0;
			shellPath = /bin/sh;
			shellScript = "diff \"${PODS_PODFILE_DIR_PATH}/Podfile.lock\" \"${PODS_ROOT}/Manifest.lock\" > /dev/null\nif [ $? != 0 ] ; then\n    # print error to STDERR\n    echo \"error: The sandbox is not in sync with the Podfile.lock. Run 'pod install' or update your CocoaPods installation.\" >&2\n    exit 1\nfi\n# This output is used by Xcode 'outputs' to avoid re-running this script phase.\necho \"SUCCESS\" > \"${SCRIPT_OUTPUT_FILE_0}\"\n";
			showEnvVarsInLog = 0;
		};
/* End PBXShellScriptBuildPhase section */

/* Begin PBXSourcesBuildPhase section */
		1B5BDAAA245F218A00085928 /* Sources */ = {
			isa = PBXSourcesBuildPhase;
			buildActionMask = 2147483647;
			files = (
				1BBDC89F246327E200324234 /* CategoryVC.swift in Sources */,
				1BBDC89B246327C800324234 /* TrendingVC.swift in Sources */,
				1BBDC8972463263E00324234 /* Webservices.swift in Sources */,
				1B4B286C246ABE5700B75612 /* InAppManager.swift in Sources */,
				1B7E6024246F055C00A1319B /* HomeHeader.swift in Sources */,
				1B49A75E2469ABF000F04E30 /* HomeVC.swift in Sources */,
				1B39215824609B3600900F88 /* VerticalCatCell.swift in Sources */,
				1B49A7642469B9B900F04E30 /* Category.swift in Sources */,
				1B4E330C246FF992002CD349 /* InAppPurchase.swift in Sources */,
				1B4E330E24700EEA002CD349 /* WebVC.swift in Sources */,
				1B73AF232466BB0000C5E94C /* JPEG.swift in Sources */,
				1B785BAE24632EDF00EC8AB5 /* AddUser.swift in Sources */,
				1B5BDAB2245F218A00085928 /* AppDelegate.swift in Sources */,
				1B2560C7246487520090A7E4 /* PreviewVC.swift in Sources */,
				1B92D5B124681F4200AF6E09 /* SimilarCatVC.swift in Sources */,
				1BBDC89D246327D800324234 /* LiveWallpaperVC.swift in Sources */,
				1B4B286E246AC9E600B75612 /* SubscriptionVC.swift in Sources */,
				1B785BAF24632EDF00EC8AB5 /* Trending.swift in Sources */,
				1B4311DD24686ECC00A7D71C /* ReportVC.swift in Sources */,
				1BBDC8A1246327ED00324234 /* SettingsVC.swift in Sources */,
				1B5BDAB4245F218A00085928 /* SceneDelegate.swift in Sources */,
				1B73AF242466BB0000C5E94C /* QuickTimeMov.swift in Sources */,
				1B5BDAD8245F3BE700085928 /* iCarousel.m in Sources */,
				1B82591A246DC5BB004BC60F /* SettingsCell.swift in Sources */,
				1B7E6027246F0D4C00A1319B /* Home.swift in Sources */,
				1BBDC8992463265B00324234 /* AppUtilities.swift in Sources */,
				1B73AF202466B43700C5E94C /* PLView.swift in Sources */,
				1B48962A2467C9700056CD5F /* AppConfig.swift in Sources */,
				1B49A7612469B4EC00F04E30 /* CategoryHeader.swift in Sources */,
				1B22776A24608AD800036212 /* Extensions.swift in Sources */,
				1B92D5B32468225C00AF6E09 /* SearchVC.swift in Sources */,
				1B7F40C124647C5D00C8BEC8 /* LoadingView.swift in Sources */,
				1B5BDAD2245F30B200085928 /* WallpaperCell.swift in Sources */,
				1B5BDADC245F3D4700085928 /* WallPaperGridVC.swift in Sources */,
				1B572D68246093A20028566B /* CatCell.swift in Sources */,
				1B5BDAC6245F289900085928 /* Constants.swift in Sources */,
				1B2277672460865E00036212 /* BannerCell.swift in Sources */,
				1B441B22247061E2005717AF /* AboutUsVC.swift in Sources */,
				1B242BF2246C605D008D942E /* AllCategoryVC.swift in Sources */,
			);
			runOnlyForDeploymentPostprocessing = 0;
		};
/* End PBXSourcesBuildPhase section */

/* Begin PBXVariantGroup section */
		1B5BDAB7245F218A00085928 /* Main.storyboard */ = {
			isa = PBXVariantGroup;
			children = (
				1B5BDAB8245F218A00085928 /* Base */,
			);
			name = Main.storyboard;
			sourceTree = "<group>";
		};
		1B5BDABC245F218C00085928 /* LaunchScreen.storyboard */ = {
			isa = PBXVariantGroup;
			children = (
				1B5BDABD245F218C00085928 /* Base */,
			);
			name = LaunchScreen.storyboard;
			sourceTree = "<group>";
		};
/* End PBXVariantGroup section */

/* Begin XCBuildConfiguration section */
		1B5BDAC0245F218C00085928 /* Debug */ = {
			isa = XCBuildConfiguration;
			buildSettings = {
				ALWAYS_SEARCH_USER_PATHS = NO;
				CLANG_ANALYZER_NONNULL = YES;
				CLANG_ANALYZER_NUMBER_OBJECT_CONVERSION = YES_AGGRESSIVE;
				CLANG_CXX_LANGUAGE_STANDARD = "gnu++14";
				CLANG_CXX_LIBRARY = "libc++";
				CLANG_ENABLE_MODULES = YES;
				CLANG_ENABLE_OBJC_ARC = YES;
				CLANG_ENABLE_OBJC_WEAK = YES;
				CLANG_WARN_BLOCK_CAPTURE_AUTORELEASING = YES;
				CLANG_WARN_BOOL_CONVERSION = YES;
				CLANG_WARN_COMMA = YES;
				CLANG_WARN_CONSTANT_CONVERSION = YES;
				CLANG_WARN_DEPRECATED_OBJC_IMPLEMENTATIONS = YES;
				CLANG_WARN_DIRECT_OBJC_ISA_USAGE = YES_ERROR;
				CLANG_WARN_DOCUMENTATION_COMMENTS = YES;
				CLANG_WARN_EMPTY_BODY = YES;
				CLANG_WARN_ENUM_CONVERSION = YES;
				CLANG_WARN_INFINITE_RECURSION = YES;
				CLANG_WARN_INT_CONVERSION = YES;
				CLANG_WARN_NON_LITERAL_NULL_CONVERSION = YES;
				CLANG_WARN_OBJC_IMPLICIT_RETAIN_SELF = YES;
				CLANG_WARN_OBJC_LITERAL_CONVERSION = YES;
				CLANG_WARN_OBJC_ROOT_CLASS = YES_ERROR;
				CLANG_WARN_RANGE_LOOP_ANALYSIS = YES;
				CLANG_WARN_STRICT_PROTOTYPES = YES;
				CLANG_WARN_SUSPICIOUS_MOVE = YES;
				CLANG_WARN_UNGUARDED_AVAILABILITY = YES_AGGRESSIVE;
				CLANG_WARN_UNREACHABLE_CODE = YES;
				CLANG_WARN__DUPLICATE_METHOD_MATCH = YES;
				COPY_PHASE_STRIP = NO;
				DEBUG_INFORMATION_FORMAT = dwarf;
				ENABLE_STRICT_OBJC_MSGSEND = YES;
				ENABLE_TESTABILITY = YES;
				GCC_C_LANGUAGE_STANDARD = gnu11;
				GCC_DYNAMIC_NO_PIC = NO;
				GCC_NO_COMMON_BLOCKS = YES;
				GCC_OPTIMIZATION_LEVEL = 0;
				GCC_PREPROCESSOR_DEFINITIONS = (
					"DEBUG=1",
					"$(inherited)",
				);
				GCC_WARN_64_TO_32_BIT_CONVERSION = YES;
				GCC_WARN_ABOUT_RETURN_TYPE = YES_ERROR;
				GCC_WARN_UNDECLARED_SELECTOR = YES;
				GCC_WARN_UNINITIALIZED_AUTOS = YES_AGGRESSIVE;
				GCC_WARN_UNUSED_FUNCTION = YES;
				GCC_WARN_UNUSED_VARIABLE = YES;
				IPHONEOS_DEPLOYMENT_TARGET = 13.4;
				MTL_ENABLE_DEBUG_INFO = INCLUDE_SOURCE;
				MTL_FAST_MATH = YES;
				ONLY_ACTIVE_ARCH = YES;
				SDKROOT = iphoneos;
				SWIFT_ACTIVE_COMPILATION_CONDITIONS = DEBUG;
				SWIFT_OPTIMIZATION_LEVEL = "-Onone";
			};
			name = Debug;
		};
		1B5BDAC1245F218C00085928 /* Release */ = {
			isa = XCBuildConfiguration;
			buildSettings = {
				ALWAYS_SEARCH_USER_PATHS = NO;
				CLANG_ANALYZER_NONNULL = YES;
				CLANG_ANALYZER_NUMBER_OBJECT_CONVERSION = YES_AGGRESSIVE;
				CLANG_CXX_LANGUAGE_STANDARD = "gnu++14";
				CLANG_CXX_LIBRARY = "libc++";
				CLANG_ENABLE_MODULES = YES;
				CLANG_ENABLE_OBJC_ARC = YES;
				CLANG_ENABLE_OBJC_WEAK = YES;
				CLANG_WARN_BLOCK_CAPTURE_AUTORELEASING = YES;
				CLANG_WARN_BOOL_CONVERSION = YES;
				CLANG_WARN_COMMA = YES;
				CLANG_WARN_CONSTANT_CONVERSION = YES;
				CLANG_WARN_DEPRECATED_OBJC_IMPLEMENTATIONS = YES;
				CLANG_WARN_DIRECT_OBJC_ISA_USAGE = YES_ERROR;
				CLANG_WARN_DOCUMENTATION_COMMENTS = YES;
				CLANG_WARN_EMPTY_BODY = YES;
				CLANG_WARN_ENUM_CONVERSION = YES;
				CLANG_WARN_INFINITE_RECURSION = YES;
				CLANG_WARN_INT_CONVERSION = YES;
				CLANG_WARN_NON_LITERAL_NULL_CONVERSION = YES;
				CLANG_WARN_OBJC_IMPLICIT_RETAIN_SELF = YES;
				CLANG_WARN_OBJC_LITERAL_CONVERSION = YES;
				CLANG_WARN_OBJC_ROOT_CLASS = YES_ERROR;
				CLANG_WARN_RANGE_LOOP_ANALYSIS = YES;
				CLANG_WARN_STRICT_PROTOTYPES = YES;
				CLANG_WARN_SUSPICIOUS_MOVE = YES;
				CLANG_WARN_UNGUARDED_AVAILABILITY = YES_AGGRESSIVE;
				CLANG_WARN_UNREACHABLE_CODE = YES;
				CLANG_WARN__DUPLICATE_METHOD_MATCH = YES;
				COPY_PHASE_STRIP = NO;
				DEBUG_INFORMATION_FORMAT = "dwarf-with-dsym";
				ENABLE_NS_ASSERTIONS = NO;
				ENABLE_STRICT_OBJC_MSGSEND = YES;
				GCC_C_LANGUAGE_STANDARD = gnu11;
				GCC_NO_COMMON_BLOCKS = YES;
				GCC_WARN_64_TO_32_BIT_CONVERSION = YES;
				GCC_WARN_ABOUT_RETURN_TYPE = YES_ERROR;
				GCC_WARN_UNDECLARED_SELECTOR = YES;
				GCC_WARN_UNINITIALIZED_AUTOS = YES_AGGRESSIVE;
				GCC_WARN_UNUSED_FUNCTION = YES;
				GCC_WARN_UNUSED_VARIABLE = YES;
				IPHONEOS_DEPLOYMENT_TARGET = 13.4;
				MTL_ENABLE_DEBUG_INFO = NO;
				MTL_FAST_MATH = YES;
				SDKROOT = iphoneos;
				SWIFT_COMPILATION_MODE = wholemodule;
				SWIFT_OPTIMIZATION_LEVEL = "-O";
				VALIDATE_PRODUCT = YES;
			};
			name = Release;
		};
		1B5BDAC3245F218C00085928 /* Debug */ = {
			isa = XCBuildConfiguration;
			baseConfigurationReference = 6282DCA7B7B9B21104AF74B5 /* Pods-4kWallpaper.debug.xcconfig */;
			buildSettings = {
				ASSETCATALOG_COMPILER_APPICON_NAME = AppIcon;
				CLANG_ENABLE_MODULES = YES;
				CODE_SIGN_IDENTITY = "Apple Development: Deepkumar Gajera (9GWPRRT627)";
				CODE_SIGN_STYLE = Manual;
				DEVELOPMENT_TEAM = 66XLPZ4UAZ;
				INFOPLIST_FILE = 4kWallpaper/Info.plist;
				IPHONEOS_DEPLOYMENT_TARGET = 10.0;
				LD_RUNPATH_SEARCH_PATHS = (
					"$(inherited)",
					"@executable_path/Frameworks",
				);
				PRODUCT_BUNDLE_IDENTIFIER = hd.4kwallpaper.livewallpaper;
				PRODUCT_NAME = "$(TARGET_NAME)";
				PROVISIONING_PROFILE_SPECIFIER = 4KWallpaper_Dev;
				SWIFT_OBJC_BRIDGING_HEADER = "$PROJECT_DIR/$PROJECT_NAME/4kWallpaper-Bridging-Header.h";
				SWIFT_OPTIMIZATION_LEVEL = "-Onone";
				SWIFT_VERSION = 5.0;
				TARGETED_DEVICE_FAMILY = 1;
			};
			name = Debug;
		};
		1B5BDAC4245F218C00085928 /* Release */ = {
			isa = XCBuildConfiguration;
			baseConfigurationReference = B9AB8730D017FCF2C5AD67E9 /* Pods-4kWallpaper.release.xcconfig */;
			buildSettings = {
				ASSETCATALOG_COMPILER_APPICON_NAME = AppIcon;
				CLANG_ENABLE_MODULES = YES;
				CODE_SIGN_IDENTITY = "Apple Distribution: Deepkumar Gajera (66XLPZ4UAZ)";
				CODE_SIGN_STYLE = Manual;
				DEVELOPMENT_TEAM = 66XLPZ4UAZ;
				INFOPLIST_FILE = 4kWallpaper/Info.plist;
				IPHONEOS_DEPLOYMENT_TARGET = 10.0;
				LD_RUNPATH_SEARCH_PATHS = (
					"$(inherited)",
					"@executable_path/Frameworks",
				);
				PRODUCT_BUNDLE_IDENTIFIER = hd.4kwallpaper.livewallpaper;
				PRODUCT_NAME = "$(TARGET_NAME)";
				PROVISIONING_PROFILE_SPECIFIER = 4KWallpaper_Dist;
				SWIFT_OBJC_BRIDGING_HEADER = "$PROJECT_DIR/$PROJECT_NAME/4kWallpaper-Bridging-Header.h";
				SWIFT_VERSION = 5.0;
				TARGETED_DEVICE_FAMILY = 1;
			};
			name = Release;
		};
/* End XCBuildConfiguration section */

/* Begin XCConfigurationList section */
		1B5BDAA9245F218A00085928 /* Build configuration list for PBXProject "4kWallpaper" */ = {
			isa = XCConfigurationList;
			buildConfigurations = (
				1B5BDAC0245F218C00085928 /* Debug */,
				1B5BDAC1245F218C00085928 /* Release */,
			);
			defaultConfigurationIsVisible = 0;
			defaultConfigurationName = Release;
		};
		1B5BDAC2245F218C00085928 /* Build configuration list for PBXNativeTarget "4kWallpaper" */ = {
			isa = XCConfigurationList;
			buildConfigurations = (
				1B5BDAC3245F218C00085928 /* Debug */,
				1B5BDAC4245F218C00085928 /* Release */,
			);
			defaultConfigurationIsVisible = 0;
			defaultConfigurationName = Release;
		};
/* End XCConfigurationList section */
	};
	rootObject = 1B5BDAA6245F218A00085928 /* Project object */;
}
